
Microsoft Visual Studio Solution File, Format Version 12.00
# Visual Studio Version 17
VisualStudioVersion = 17.13.35919.96 d17.13
MinimumVisualStudioVersion = 10.0.40219.1
Project("{FAE04EC0-301F-11D3-BF4B-00C04F79EFBC}") = "PackBuilder", "PackBuilder.csproj", "{D41A5398-5441-8983-B4E3-1008CF9DCEC8}"
EndProject
Global
	GlobalSection(SolutionConfigurationPlatforms) = preSolution
		Debug|Any CPU = Debug|Any CPU
		Release|Any CPU = Release|Any CPU
	EndGlobalSection
	GlobalSection(ProjectConfigurationPlatforms) = postSolution
		{D41A5398-5441-8983-B4E3-1008CF9DCEC8}.Debug|Any CPU.ActiveCfg = Debug|Any CPU
		{D41A5398-5441-8983-B4E3-1008CF9DCEC8}.Debug|Any CPU.Build.0 = Debug|Any CPU
		{D41A5398-5441-8983-B4E3-1008CF9DCEC8}.Release|Any CPU.ActiveCfg = Release|Any CPU
		{D41A5398-5441-8983-B4E3-1008CF9DCEC8}.Release|Any CPU.Build.0 = Release|Any CPU
	EndGlobalSection
	GlobalSection(SolutionProperties) = preSolution
		HideSolutionNode = FALSE
	EndGlobalSection
	GlobalSection(ExtensibilityGlobals) = postSolution
		SolutionGuid = {6B413E60-941D-465C-9CF7-2DBF0659B06D}
	EndGlobalSection
EndGlobal
